
Microsoft Visual Studio Solution File, Format Version 12.00
# Visual Studio Version 17
VisualStudioVersion = 17.3.32825.248
MinimumVisualStudioVersion = 10.0.40219.1
Project("{FAE04EC0-301F-11D3-BF4B-00C04F79EFBC}") = "Digishop", "Digishop\Digishop.csproj", "{ED1C6E44-40DF-41F7-9D05-BDC92D518F28}"
EndProject
Project("{FAE04EC0-301F-11D3-BF4B-00C04F79EFBC}") = "WebshopLogic", "WebshopLogic\WebshopLogic.csproj", "{3A027B40-AE7E-435B-8F28-3ACC4832234C}"
EndProject
Project("{FAE04EC0-301F-11D3-BF4B-00C04F79EFBC}") = "WebshopInterface", "WebshopInterface\WebshopInterface.csproj", "{86383BFD-8879-4002-8E87-EBE76D3E56CD}"
EndProject
Project("{FAE04EC0-301F-11D3-BF4B-00C04F79EFBC}") = "WebshopDAL", "WebshopDAL\WebshopDAL.csproj", "{13528001-C690-4541-BF07-8F957B76F70A}"
EndProject
Project("{FAE04EC0-301F-11D3-BF4B-00C04F79EFBC}") = "WebshopTest", "WebshopTest\WebshopTest.csproj", "{FE56DC1E-A10E-4505-B521-BE27F277DEFD}"
EndProject
Global
	GlobalSection(SolutionConfigurationPlatforms) = preSolution
		Debug|Any CPU = Debug|Any CPU
		Release|Any CPU = Release|Any CPU
	EndGlobalSection
	GlobalSection(ProjectConfigurationPlatforms) = postSolution
		{ED1C6E44-40DF-41F7-9D05-BDC92D518F28}.Debug|Any CPU.ActiveCfg = Debug|Any CPU
		{ED1C6E44-40DF-41F7-9D05-BDC92D518F28}.Debug|Any CPU.Build.0 = Debug|Any CPU
		{ED1C6E44-40DF-41F7-9D05-BDC92D518F28}.Release|Any CPU.ActiveCfg = Release|Any CPU
		{ED1C6E44-40DF-41F7-9D05-BDC92D518F28}.Release|Any CPU.Build.0 = Release|Any CPU
		{3A027B40-AE7E-435B-8F28-3ACC4832234C}.Debug|Any CPU.ActiveCfg = Debug|Any CPU
		{3A027B40-AE7E-435B-8F28-3ACC4832234C}.Debug|Any CPU.Build.0 = Debug|Any CPU
		{3A027B40-AE7E-435B-8F28-3ACC4832234C}.Release|Any CPU.ActiveCfg = Release|Any CPU
		{3A027B40-AE7E-435B-8F28-3ACC4832234C}.Release|Any CPU.Build.0 = Release|Any CPU
		{86383BFD-8879-4002-8E87-EBE76D3E56CD}.Debug|Any CPU.ActiveCfg = Debug|Any CPU
		{86383BFD-8879-4002-8E87-EBE76D3E56CD}.Debug|Any CPU.Build.0 = Debug|Any CPU
		{86383BFD-8879-4002-8E87-EBE76D3E56CD}.Release|Any CPU.ActiveCfg = Release|Any CPU
		{86383BFD-8879-4002-8E87-EBE76D3E56CD}.Release|Any CPU.Build.0 = Release|Any CPU
		{13528001-C690-4541-BF07-8F957B76F70A}.Debug|Any CPU.ActiveCfg = Debug|Any CPU
		{13528001-C690-4541-BF07-8F957B76F70A}.Debug|Any CPU.Build.0 = Debug|Any CPU
		{13528001-C690-4541-BF07-8F957B76F70A}.Release|Any CPU.ActiveCfg = Release|Any CPU
		{13528001-C690-4541-BF07-8F957B76F70A}.Release|Any CPU.Build.0 = Release|Any CPU
		{FE56DC1E-A10E-4505-B521-BE27F277DEFD}.Debug|Any CPU.ActiveCfg = Debug|Any CPU
		{FE56DC1E-A10E-4505-B521-BE27F277DEFD}.Debug|Any CPU.Build.0 = Debug|Any CPU
		{FE56DC1E-A10E-4505-B521-BE27F277DEFD}.Release|Any CPU.ActiveCfg = Release|Any CPU
		{FE56DC1E-A10E-4505-B521-BE27F277DEFD}.Release|Any CPU.Build.0 = Release|Any CPU
	EndGlobalSection
	GlobalSection(SolutionProperties) = preSolution
		HideSolutionNode = FALSE
	EndGlobalSection
	GlobalSection(ExtensibilityGlobals) = postSolution
		SolutionGuid = {56675AB6-7C84-4481-8074-4BEFFEB9BF72}
	EndGlobalSection
EndGlobal
